
Microsoft Visual Studio Solution File, Format Version 11.00
# Visual Studio 2010
Project("{8BC9CEB8-8B4A-11D0-8D11-00A0C91BC942}") = "agnos_library", "agnos_library.vcxproj", "{727D8A57-0888-411A-BAFE-A372FB0CFB9C}"
EndProject
Global
	GlobalSection(SolutionConfigurationPlatforms) = preSolution
		Debug|Win32 = Debug|Win32
		Release|Win32 = Release|Win32
	EndGlobalSection
	GlobalSection(ProjectConfigurationPlatforms) = postSolution
		{727D8A57-0888-411A-BAFE-A372FB0CFB9C}.Debug|Win32.ActiveCfg = Debug|Win32
		{727D8A57-0888-411A-BAFE-A372FB0CFB9C}.Debug|Win32.Build.0 = Debug|Win32
		{727D8A57-0888-411A-BAFE-A372FB0CFB9C}.Release|Win32.ActiveCfg = Release|Win32
		{727D8A57-0888-411A-BAFE-A372FB0CFB9C}.Release|Win32.Build.0 = Release|Win32
	EndGlobalSection
	GlobalSection(SolutionProperties) = preSolution
		HideSolutionNode = FALSE
	EndGlobalSection
EndGlobal
