
Microsoft Visual Studio Solution File, Format Version 10.00
# Visual Studio 2008
Project("{8BC9CEB8-8B4A-11D0-8D11-00A0C91BC942}") = "cpptest", "cpptest.vcproj", "{BB04BB70-7F08-4723-BCF1-B9846D9F3826}"
EndProject
Global
	GlobalSection(SolutionConfigurationPlatforms) = preSolution
		Debug|Win32 = Debug|Win32
		Release|Win32 = Release|Win32
	EndGlobalSection
	GlobalSection(ProjectConfigurationPlatforms) = postSolution
		{BB04BB70-7F08-4723-BCF1-B9846D9F3826}.Debug|Win32.ActiveCfg = Debug|Win32
		{BB04BB70-7F08-4723-BCF1-B9846D9F3826}.Debug|Win32.Build.0 = Debug|Win32
		{BB04BB70-7F08-4723-BCF1-B9846D9F3826}.Release|Win32.ActiveCfg = Release|Win32
		{BB04BB70-7F08-4723-BCF1-B9846D9F3826}.Release|Win32.Build.0 = Release|Win32
	EndGlobalSection
	GlobalSection(SolutionProperties) = preSolution
		HideSolutionNode = FALSE
	EndGlobalSection
EndGlobal
